Microsoft Visual Studio Solution File, Format Version 12.00
# Visual Studio 2012
Project("{FAE04EC0-301F-11D3-BF4B-00C04F79EFBC}") = "3DSandboxMono", "3DSandboxMono.csproj", "{1889448A-7435-485F-9802-CE35267F0FEA}"
EndProject
Global
	GlobalSection(SolutionConfigurationPlatforms) = preSolution
	Debug|Any CPU = Debug|Any CPU
	ExportDebug|Any CPU = ExportDebug|Any CPU
	ExportRelease|Any CPU = ExportRelease|Any CPU
	EndGlobalSection
	GlobalSection(ProjectConfigurationPlatforms) = postSolution
		{1889448A-7435-485F-9802-CE35267F0FEA}.Debug|Any CPU.ActiveCfg = Debug|Any CPU
		{1889448A-7435-485F-9802-CE35267F0FEA}.Debug|Any CPU.Build.0 = Debug|Any CPU
		{1889448A-7435-485F-9802-CE35267F0FEA}.ExportDebug|Any CPU.ActiveCfg = ExportDebug|Any CPU
		{1889448A-7435-485F-9802-CE35267F0FEA}.ExportDebug|Any CPU.Build.0 = ExportDebug|Any CPU
		{1889448A-7435-485F-9802-CE35267F0FEA}.ExportRelease|Any CPU.ActiveCfg = ExportRelease|Any CPU
		{1889448A-7435-485F-9802-CE35267F0FEA}.ExportRelease|Any CPU.Build.0 = ExportRelease|Any CPU
	EndGlobalSection
EndGlobal
